{
  "name": "autoclaw",
  "version": "1.0.0",
  "lockfileVersion": 3,
  "requires": true,
  "packages": {
    "": {
      "name": "autoclaw",
      "version": "1.0.0",
      "license": "UNLICENSED",
      "bin": {
        "autoclaw": "bin/help.js"
      },
      "engines": {
        "node": ">=24"
      }
    }
  }
}
